// !$*UTF8*$!
{
	archiveVersion = 1;
	classes = {
	};
	objectVersion = 56;
	objects = {

/* Begin PBXBuildFile section */
		2692ACB12E63502A72FDC998 /* Pods_MobileUP_test.framework in Frameworks */ = {isa = PBXBuildFile; fileRef = 120A98F35F86DFAFF2BBD1E1 /* Pods_MobileUP_test.framework */; };
		8F2942C529F578E100CD6CFA /* UICollectionViewCell+.swift in Sources */ = {isa = PBXBuildFile; fileRef = 8F2942C429F578E100CD6CFA /* UICollectionViewCell+.swift */; };
		8F2942C929F588FC00CD6CFA /* KeychainRepository.swift in Sources */ = {isa = PBXBuildFile; fileRef = 8F2942C829F588FC00CD6CFA /* KeychainRepository.swift */; };
		8F2942CB29F5D90600CD6CFA /* KeychainErrors.swift in Sources */ = {isa = PBXBuildFile; fileRef = 8F2942CA29F5D90600CD6CFA /* KeychainErrors.swift */; };
		8FB9CBD729F132860024AB73 /* AuthenticationWebView.swift in Sources */ = {isa = PBXBuildFile; fileRef = 8FB9CBD629F132860024AB73 /* AuthenticationWebView.swift */; };
		8FB9CBD929F16C4B0024AB73 /* Model.swift in Sources */ = {isa = PBXBuildFile; fileRef = 8FB9CBD829F16C4B0024AB73 /* Model.swift */; };
		8FB9CBDB29F190A40024AB73 /* NetworkManager.swift in Sources */ = {isa = PBXBuildFile; fileRef = 8FB9CBDA29F190A40024AB73 /* NetworkManager.swift */; };
		8FF0270329F050C100F3F878 /* AppDelegate.swift in Sources */ = {isa = PBXBuildFile; fileRef = 8FF0270229F050C100F3F878 /* AppDelegate.swift */; };
		8FF0270529F050C100F3F878 /* SceneDelegate.swift in Sources */ = {isa = PBXBuildFile; fileRef = 8FF0270429F050C100F3F878 /* SceneDelegate.swift */; };
		8FF0270C29F050C200F3F878 /* Assets.xcassets in Resources */ = {isa = PBXBuildFile; fileRef = 8FF0270B29F050C200F3F878 /* Assets.xcassets */; };
		8FF0270F29F050C200F3F878 /* LaunchScreen.storyboard in Resources */ = {isa = PBXBuildFile; fileRef = 8FF0270D29F050C200F3F878 /* LaunchScreen.storyboard */; };
		8FF0271B29F059CB00F3F878 /* AuthenticationView.swift in Sources */ = {isa = PBXBuildFile; fileRef = 8FF0271A29F059CB00F3F878 /* AuthenticationView.swift */; };
		8FF0272029F05D1400F3F878 /* GalleryViewController.swift in Sources */ = {isa = PBXBuildFile; fileRef = 8FF0271F29F05D1400F3F878 /* GalleryViewController.swift */; };
		8FF0272229F05D3900F3F878 /* GalleryView.swift in Sources */ = {isa = PBXBuildFile; fileRef = 8FF0272129F05D3900F3F878 /* GalleryView.swift */; };
		8FF0272429F05D5900F3F878 /* GallerFullScreenController.swift in Sources */ = {isa = PBXBuildFile; fileRef = 8FF0272329F05D5900F3F878 /* GallerFullScreenController.swift */; };
		8FF0272629F05D6900F3F878 /* GallerFullScreenView.swift in Sources */ = {isa = PBXBuildFile; fileRef = 8FF0272529F05D6900F3F878 /* GallerFullScreenView.swift */; };
		8FF0272829F08E3400F3F878 /* GalleryViewCell.swift in Sources */ = {isa = PBXBuildFile; fileRef = 8FF0272729F08E3400F3F878 /* GalleryViewCell.swift */; };
		8FF6278E29F6D79E00796BF0 /* GalleryInDetailsCell.swift in Sources */ = {isa = PBXBuildFile; fileRef = 8FF6278D29F6D79D00796BF0 /* GalleryInDetailsCell.swift */; };
		8FF6279029F738A800796BF0 /* AuthenticationViewController.swift in Sources */ = {isa = PBXBuildFile; fileRef = 8FF6278F29F738A700796BF0 /* AuthenticationViewController.swift */; };
/* End PBXBuildFile section */

/* Begin PBXFileReference section */
		120A98F35F86DFAFF2BBD1E1 /* Pods_MobileUP_test.framework */ = {isa = PBXFileReference; explicitFileType = wrapper.framework; includeInIndex = 0; path = Pods_MobileUP_test.framework; sourceTree = BUILT_PRODUCTS_DIR; };
		5120DC20976D91BDE51B6D28 /* Pods-MobileUP test.release.xcconfig */ = {isa = PBXFileReference; includeInIndex = 1; lastKnownFileType = text.xcconfig; name = "Pods-MobileUP test.release.xcconfig"; path = "Target Support Files/Pods-MobileUP test/Pods-MobileUP test.release.xcconfig"; sourceTree = "<group>"; };
		691BB30DC62C39F62A2D4600 /* Pods-MobileUP test.debug.xcconfig */ = {isa = PBXFileReference; includeInIndex = 1; lastKnownFileType = text.xcconfig; name = "Pods-MobileUP test.debug.xcconfig"; path = "Target Support Files/Pods-MobileUP test/Pods-MobileUP test.debug.xcconfig"; sourceTree = "<group>"; };
		8F2942C429F578E100CD6CFA /* UICollectionViewCell+.swift */ = {isa = PBXFileReference; lastKnownFileType = sourcecode.swift; path = "UICollectionViewCell+.swift"; sourceTree = "<group>"; };
		8F2942C829F588FC00CD6CFA /* KeychainRepository.swift */ = {isa = PBXFileReference; lastKnownFileType = sourcecode.swift; path = KeychainRepository.swift; sourceTree = "<group>"; };
		8F2942CA29F5D90600CD6CFA /* KeychainErrors.swift */ = {isa = PBXFileReference; lastKnownFileType = sourcecode.swift; path = KeychainErrors.swift; sourceTree = "<group>"; };
		8FB9CBD529F0B4AD0024AB73 /* README.md */ = {isa = PBXFileReference; lastKnownFileType = net.daringfireball.markdown; path = README.md; sourceTree = "<group>"; };
		8FB9CBD629F132860024AB73 /* AuthenticationWebView.swift */ = {isa = PBXFileReference; lastKnownFileType = sourcecode.swift; path = AuthenticationWebView.swift; sourceTree = "<group>"; };
		8FB9CBD829F16C4B0024AB73 /* Model.swift */ = {isa = PBXFileReference; lastKnownFileType = sourcecode.swift; path = Model.swift; sourceTree = "<group>"; };
		8FB9CBDA29F190A40024AB73 /* NetworkManager.swift */ = {isa = PBXFileReference; lastKnownFileType = sourcecode.swift; path = NetworkManager.swift; sourceTree = "<group>"; };
		8FF026FF29F050C100F3F878 /* MobileUP test.app */ = {isa = PBXFileReference; explicitFileType = wrapper.application; includeInIndex = 0; path = "MobileUP test.app"; sourceTree = BUILT_PRODUCTS_DIR; };
		8FF0270229F050C100F3F878 /* AppDelegate.swift */ = {isa = PBXFileReference; lastKnownFileType = sourcecode.swift; path = AppDelegate.swift; sourceTree = "<group>"; };
		8FF0270429F050C100F3F878 /* SceneDelegate.swift */ = {isa = PBXFileReference; lastKnownFileType = sourcecode.swift; path = SceneDelegate.swift; sourceTree = "<group>"; };
		8FF0270B29F050C200F3F878 /* Assets.xcassets */ = {isa = PBXFileReference; lastKnownFileType = folder.assetcatalog; path = Assets.xcassets; sourceTree = "<group>"; };
		8FF0270E29F050C200F3F878 /* Base */ = {isa = PBXFileReference; lastKnownFileType = file.storyboard; name = Base; path = Base.lproj/LaunchScreen.storyboard; sourceTree = "<group>"; };
		8FF0271029F050C200F3F878 /* Info.plist */ = {isa = PBXFileReference; lastKnownFileType = text.plist.xml; path = Info.plist; sourceTree = "<group>"; };
		8FF0271A29F059CB00F3F878 /* AuthenticationView.swift */ = {isa = PBXFileReference; lastKnownFileType = sourcecode.swift; path = AuthenticationView.swift; sourceTree = "<group>"; };
		8FF0271F29F05D1400F3F878 /* GalleryViewController.swift */ = {isa = PBXFileReference; lastKnownFileType = sourcecode.swift; path = GalleryViewController.swift; sourceTree = "<group>"; };
		8FF0272129F05D3900F3F878 /* GalleryView.swift */ = {isa = PBXFileReference; lastKnownFileType = sourcecode.swift; path = GalleryView.swift; sourceTree = "<group>"; };
		8FF0272329F05D5900F3F878 /* GallerFullScreenController.swift */ = {isa = PBXFileReference; lastKnownFileType = sourcecode.swift; path = GallerFullScreenController.swift; sourceTree = "<group>"; };
		8FF0272529F05D6900F3F878 /* GallerFullScreenView.swift */ = {isa = PBXFileReference; lastKnownFileType = sourcecode.swift; path = GallerFullScreenView.swift; sourceTree = "<group>"; };
		8FF0272729F08E3400F3F878 /* GalleryViewCell.swift */ = {isa = PBXFileReference; lastKnownFileType = sourcecode.swift; path = GalleryViewCell.swift; sourceTree = "<group>"; };
		8FF6278D29F6D79D00796BF0 /* GalleryInDetailsCell.swift */ = {isa = PBXFileReference; lastKnownFileType = sourcecode.swift; path = GalleryInDetailsCell.swift; sourceTree = "<group>"; };
		8FF6278F29F738A700796BF0 /* AuthenticationViewController.swift */ = {isa = PBXFileReference; lastKnownFileType = sourcecode.swift; path = AuthenticationViewController.swift; sourceTree = "<group>"; };
/* End PBXFileReference section */

/* Begin PBXFrameworksBuildPhase section */
		8FF026FC29F050C100F3F878 /* Frameworks */ = {
			isa = PBXFrameworksBuildPhase;
			buildActionMask = 2147483647;
			files = (
				2692ACB12E63502A72FDC998 /* Pods_MobileUP_test.framework in Frameworks */,
			);
			runOnlyForDeploymentPostprocessing = 0;
		};
/* End PBXFrameworksBuildPhase section */

/* Begin PBXGroup section */
		8F2942C329F578D200CD6CFA /* Extensions */ = {
			isa = PBXGroup;
			children = (
				8F2942C429F578E100CD6CFA /* UICollectionViewCell+.swift */,
			);
			path = Extensions;
			sourceTree = "<group>";
		};
		8F2942C729F588F000CD6CFA /* Services */ = {
			isa = PBXGroup;
			children = (
				8F2942C829F588FC00CD6CFA /* KeychainRepository.swift */,
				8F2942CA29F5D90600CD6CFA /* KeychainErrors.swift */,
			);
			path = Services;
			sourceTree = "<group>";
		};
		8FF026F629F050C100F3F878 = {
			isa = PBXGroup;
			children = (
				8FB9CBD529F0B4AD0024AB73 /* README.md */,
				8FF0270129F050C100F3F878 /* MobileUP test */,
				8FF0270029F050C100F3F878 /* Products */,
				CD9C91C5CC22AAEBABFFB3AC /* Pods */,
				F5FDC272EE46B7BF4B99724D /* Frameworks */,
			);
			sourceTree = "<group>";
		};
		8FF0270029F050C100F3F878 /* Products */ = {
			isa = PBXGroup;
			children = (
				8FF026FF29F050C100F3F878 /* MobileUP test.app */,
			);
			name = Products;
			sourceTree = "<group>";
		};
		8FF0270129F050C100F3F878 /* MobileUP test */ = {
			isa = PBXGroup;
			children = (
				8F2942C729F588F000CD6CFA /* Services */,
				8FF0271C29F05BA300F3F878 /* Modules */,
				8FF0271629F0510000F3F878 /* App */,
				8FF0271029F050C200F3F878 /* Info.plist */,
			);
			path = "MobileUP test";
			sourceTree = "<group>";
		};
		8FF0271629F0510000F3F878 /* App */ = {
			isa = PBXGroup;
			children = (
				8F2942C329F578D200CD6CFA /* Extensions */,
				8FF0270229F050C100F3F878 /* AppDelegate.swift */,
				8FF0270429F050C100F3F878 /* SceneDelegate.swift */,
				8FF0270D29F050C200F3F878 /* LaunchScreen.storyboard */,
				8FF0270B29F050C200F3F878 /* Assets.xcassets */,
				8FB9CBDA29F190A40024AB73 /* NetworkManager.swift */,
			);
			path = App;
			sourceTree = "<group>";
		};
		8FF0271729F059A100F3F878 /* Authentication */ = {
			isa = PBXGroup;
			children = (
				8FF6278F29F738A700796BF0 /* AuthenticationViewController.swift */,
				8FF0271A29F059CB00F3F878 /* AuthenticationView.swift */,
				8FB9CBD629F132860024AB73 /* AuthenticationWebView.swift */,
			);
			path = Authentication;
			sourceTree = "<group>";
		};
		8FF0271C29F05BA300F3F878 /* Modules */ = {
			isa = PBXGroup;
			children = (
				8FF0271729F059A100F3F878 /* Authentication */,
				8FF0271D29F05BB600F3F878 /* Gallery */,
				8FF0271E29F05C4600F3F878 /* GalleryInDetails */,
			);
			path = Modules;
			sourceTree = "<group>";
		};
		8FF0271D29F05BB600F3F878 /* Gallery */ = {
			isa = PBXGroup;
			children = (
				8FB9CBD829F16C4B0024AB73 /* Model.swift */,
				8FF0271F29F05D1400F3F878 /* GalleryViewController.swift */,
				8FF0272129F05D3900F3F878 /* GalleryView.swift */,
				8FF0272729F08E3400F3F878 /* GalleryViewCell.swift */,
			);
			path = Gallery;
			sourceTree = "<group>";
		};
		8FF0271E29F05C4600F3F878 /* GalleryInDetails */ = {
			isa = PBXGroup;
			children = (
				8FF0272329F05D5900F3F878 /* GallerFullScreenController.swift */,
				8FF0272529F05D6900F3F878 /* GallerFullScreenView.swift */,
				8FF6278D29F6D79D00796BF0 /* GalleryInDetailsCell.swift */,
			);
			path = GalleryInDetails;
			sourceTree = "<group>";
		};
		CD9C91C5CC22AAEBABFFB3AC /* Pods */ = {
			isa = PBXGroup;
			children = (
				691BB30DC62C39F62A2D4600 /* Pods-MobileUP test.debug.xcconfig */,
				5120DC20976D91BDE51B6D28 /* Pods-MobileUP test.release.xcconfig */,
			);
			path = Pods;
			sourceTree = "<group>";
		};
		F5FDC272EE46B7BF4B99724D /* Frameworks */ = {
			isa = PBXGroup;
			children = (
				120A98F35F86DFAFF2BBD1E1 /* Pods_MobileUP_test.framework */,
			);
			name = Frameworks;
			sourceTree = "<group>";
		};
/* End PBXGroup section */

/* Begin PBXNativeTarget section */
		8FF026FE29F050C100F3F878 /* MobileUP test */ = {
			isa = PBXNativeTarget;
			buildConfigurationList = 8FF0271329F050C200F3F878 /* Build configuration list for PBXNativeTarget "MobileUP test" */;
			buildPhases = (
				085E966BB8C5BC71269492E7 /* [CP] Check Pods Manifest.lock */,
				8FF026FB29F050C100F3F878 /* Sources */,
				8FF026FC29F050C100F3F878 /* Frameworks */,
				8FF026FD29F050C100F3F878 /* Resources */,
				2C79D3A82D0640B4DD9AF52D /* [CP] Embed Pods Frameworks */,
			);
			buildRules = (
			);
			dependencies = (
			);
			name = "MobileUP test";
			productName = "MobileUP test";
			productReference = 8FF026FF29F050C100F3F878 /* MobileUP test.app */;
			productType = "com.apple.product-type.application";
		};
/* End PBXNativeTarget section */

/* Begin PBXProject section */
		8FF026F729F050C100F3F878 /* Project object */ = {
			isa = PBXProject;
			attributes = {
				BuildIndependentTargetsInParallel = 1;
				LastSwiftUpdateCheck = 1410;
				LastUpgradeCheck = 1410;
				TargetAttributes = {
					8FF026FE29F050C100F3F878 = {
						CreatedOnToolsVersion = 14.1;
					};
				};
			};
			buildConfigurationList = 8FF026FA29F050C100F3F878 /* Build configuration list for PBXProject "MobileUP test" */;
			compatibilityVersion = "Xcode 14.0";
			developmentRegion = en;
			hasScannedForEncodings = 0;
			knownRegions = (
				en,
				Base,
			);
			mainGroup = 8FF026F629F050C100F3F878;
			productRefGroup = 8FF0270029F050C100F3F878 /* Products */;
			projectDirPath = "";
			projectRoot = "";
			targets = (
				8FF026FE29F050C100F3F878 /* MobileUP test */,
			);
		};
/* End PBXProject section */

/* Begin PBXResourcesBuildPhase section */
		8FF026FD29F050C100F3F878 /* Resources */ = {
			isa = PBXResourcesBuildPhase;
			buildActionMask = 2147483647;
			files = (
				8FF0270F29F050C200F3F878 /* LaunchScreen.storyboard in Resources */,
				8FF0270C29F050C200F3F878 /* Assets.xcassets in Resources */,
			);
			runOnlyForDeploymentPostprocessing = 0;
		};
/* End PBXResourcesBuildPhase section */

/* Begin PBXShellScriptBuildPhase section */
		085E966BB8C5BC71269492E7 /* [CP] Check Pods Manifest.lock */ = {
			isa = PBXShellScriptBuildPhase;
			buildActionMask = 2147483647;
			files = (
			);
			inputFileListPaths = (
			);
			inputPaths = (
				"${PODS_PODFILE_DIR_PATH}/Podfile.lock",
				"${PODS_ROOT}/Manifest.lock",
			);
			name = "[CP] Check Pods Manifest.lock";
			outputFileListPaths = (
			);
			outputPaths = (
				"$(DERIVED_FILE_DIR)/Pods-MobileUP test-checkManifestLockResult.txt",
			);
			runOnlyForDeploymentPostprocessing = 0;
			shellPath = /bin/sh;
			shellScript = "diff \"${PODS_PODFILE_DIR_PATH}/Podfile.lock\" \"${PODS_ROOT}/Manifest.lock\" > /dev/null\nif [ $? != 0 ] ; then\n    # print error to STDERR\n    echo \"error: The sandbox is not in sync with the Podfile.lock. Run 'pod install' or update your CocoaPods installation.\" >&2\n    exit 1\nfi\n# This output is used by Xcode 'outputs' to avoid re-running this script phase.\necho \"SUCCESS\" > \"${SCRIPT_OUTPUT_FILE_0}\"\n";
			showEnvVarsInLog = 0;
		};
		2C79D3A82D0640B4DD9AF52D /* [CP] Embed Pods Frameworks */ = {
			isa = PBXShellScriptBuildPhase;
			buildActionMask = 2147483647;
			files = (
			);
			inputFileListPaths = (
				"${PODS_ROOT}/Target Support Files/Pods-MobileUP test/Pods-MobileUP test-frameworks-${CONFIGURATION}-input-files.xcfilelist",
			);
			name = "[CP] Embed Pods Frameworks";
			outputFileListPaths = (
				"${PODS_ROOT}/Target Support Files/Pods-MobileUP test/Pods-MobileUP test-frameworks-${CONFIGURATION}-output-files.xcfilelist",
			);
			runOnlyForDeploymentPostprocessing = 0;
			shellPath = /bin/sh;
			shellScript = "\"${PODS_ROOT}/Target Support Files/Pods-MobileUP test/Pods-MobileUP test-frameworks.sh\"\n";
			showEnvVarsInLog = 0;
		};
/* End PBXShellScriptBuildPhase section */

/* Begin PBXSourcesBuildPhase section */
		8FF026FB29F050C100F3F878 /* Sources */ = {
			isa = PBXSourcesBuildPhase;
			buildActionMask = 2147483647;
			files = (
				8F2942CB29F5D90600CD6CFA /* KeychainErrors.swift in Sources */,
				8FB9CBDB29F190A40024AB73 /* NetworkManager.swift in Sources */,
				8FF6278E29F6D79E00796BF0 /* GalleryInDetailsCell.swift in Sources */,
				8FF0270329F050C100F3F878 /* AppDelegate.swift in Sources */,
				8FB9CBD729F132860024AB73 /* AuthenticationWebView.swift in Sources */,
				8FF0272229F05D3900F3F878 /* GalleryView.swift in Sources */,
				8FF0272829F08E3400F3F878 /* GalleryViewCell.swift in Sources */,
				8FF0270529F050C100F3F878 /* SceneDelegate.swift in Sources */,
				8FF0272029F05D1400F3F878 /* GalleryViewController.swift in Sources */,
				8FF0272429F05D5900F3F878 /* GallerFullScreenController.swift in Sources */,
				8F2942C529F578E100CD6CFA /* UICollectionViewCell+.swift in Sources */,
				8FB9CBD929F16C4B0024AB73 /* Model.swift in Sources */,
				8FF6279029F738A800796BF0 /* AuthenticationViewController.swift in Sources */,
				8F2942C929F588FC00CD6CFA /* KeychainRepository.swift in Sources */,
				8FF0272629F05D6900F3F878 /* GallerFullScreenView.swift in Sources */,
				8FF0271B29F059CB00F3F878 /* AuthenticationView.swift in Sources */,
			);
			runOnlyForDeploymentPostprocessing = 0;
		};
/* End PBXSourcesBuildPhase section */

/* Begin PBXVariantGroup section */
		8FF0270D29F050C200F3F878 /* LaunchScreen.storyboard */ = {
			isa = PBXVariantGroup;
			children = (
				8FF0270E29F050C200F3F878 /* Base */,
			);
			name = LaunchScreen.storyboard;
			sourceTree = "<group>";
		};
/* End PBXVariantGroup section */

/* Begin XCBuildConfiguration section */
		8FF0271129F050C200F3F878 /* Debug */ = {
			isa = XCBuildConfiguration;
			buildSettings = {
				ALWAYS_SEARCH_USER_PATHS = NO;
				CLANG_ANALYZER_NONNULL = YES;
				CLANG_ANALYZER_NUMBER_OBJECT_CONVERSION = YES_AGGRESSIVE;
				CLANG_CXX_LANGUAGE_STANDARD = "gnu++20";
				CLANG_ENABLE_MODULES = YES;
				CLANG_ENABLE_OBJC_ARC = YES;
				CLANG_ENABLE_OBJC_WEAK = YES;
				CLANG_WARN_BLOCK_CAPTURE_AUTORELEASING = YES;
				CLANG_WARN_BOOL_CONVERSION = YES;
				CLANG_WARN_COMMA = YES;
				CLANG_WARN_CONSTANT_CONVERSION = YES;
				CLANG_WARN_DEPRECATED_OBJC_IMPLEMENTATIONS = YES;
				CLANG_WARN_DIRECT_OBJC_ISA_USAGE = YES_ERROR;
				CLANG_WARN_DOCUMENTATION_COMMENTS = YES;
				CLANG_WARN_EMPTY_BODY = YES;
				CLANG_WARN_ENUM_CONVERSION = YES;
				CLANG_WARN_INFINITE_RECURSION = YES;
				CLANG_WARN_INT_CONVERSION = YES;
				CLANG_WARN_NON_LITERAL_NULL_CONVERSION = YES;
				CLANG_WARN_OBJC_IMPLICIT_RETAIN_SELF = YES;
				CLANG_WARN_OBJC_LITERAL_CONVERSION = YES;
				CLANG_WARN_OBJC_ROOT_CLASS = YES_ERROR;
				CLANG_WARN_QUOTED_INCLUDE_IN_FRAMEWORK_HEADER = YES;
				CLANG_WARN_RANGE_LOOP_ANALYSIS = YES;
				CLANG_WARN_STRICT_PROTOTYPES = YES;
				CLANG_WARN_SUSPICIOUS_MOVE = YES;
				CLANG_WARN_UNGUARDED_AVAILABILITY = YES_AGGRESSIVE;
				CLANG_WARN_UNREACHABLE_CODE = YES;
				CLANG_WARN__DUPLICATE_METHOD_MATCH = YES;
				COPY_PHASE_STRIP = NO;
				DEBUG_INFORMATION_FORMAT = dwarf;
				ENABLE_STRICT_OBJC_MSGSEND = YES;
				ENABLE_TESTABILITY = YES;
				GCC_C_LANGUAGE_STANDARD = gnu11;
				GCC_DYNAMIC_NO_PIC = NO;
				GCC_NO_COMMON_BLOCKS = YES;
				GCC_OPTIMIZATION_LEVEL = 0;
				GCC_PREPROCESSOR_DEFINITIONS = (
					"DEBUG=1",
					"$(inherited)",
				);
				GCC_WARN_64_TO_32_BIT_CONVERSION = YES;
				GCC_WARN_ABOUT_RETURN_TYPE = YES_ERROR;
				GCC_WARN_UNDECLARED_SELECTOR = YES;
				GCC_WARN_UNINITIALIZED_AUTOS = YES_AGGRESSIVE;
				GCC_WARN_UNUSED_FUNCTION = YES;
				GCC_WARN_UNUSED_VARIABLE = YES;
				IPHONEOS_DEPLOYMENT_TARGET = 16.1;
				MTL_ENABLE_DEBUG_INFO = INCLUDE_SOURCE;
				MTL_FAST_MATH = YES;
				ONLY_ACTIVE_ARCH = YES;
				SDKROOT = iphoneos;
				SWIFT_ACTIVE_COMPILATION_CONDITIONS = DEBUG;
				SWIFT_OPTIMIZATION_LEVEL = "-Onone";
			};
			name = Debug;
		};
		8FF0271229F050C200F3F878 /* Release */ = {
			isa = XCBuildConfiguration;
			buildSettings = {
				ALWAYS_SEARCH_USER_PATHS = NO;
				CLANG_ANALYZER_NONNULL = YES;
				CLANG_ANALYZER_NUMBER_OBJECT_CONVERSION = YES_AGGRESSIVE;
				CLANG_CXX_LANGUAGE_STANDARD = "gnu++20";
				CLANG_ENABLE_MODULES = YES;
				CLANG_ENABLE_OBJC_ARC = YES;
				CLANG_ENABLE_OBJC_WEAK = YES;
				CLANG_WARN_BLOCK_CAPTURE_AUTORELEASING = YES;
				CLANG_WARN_BOOL_CONVERSION = YES;
				CLANG_WARN_COMMA = YES;
				CLANG_WARN_CONSTANT_CONVERSION = YES;
				CLANG_WARN_DEPRECATED_OBJC_IMPLEMENTATIONS = YES;
				CLANG_WARN_DIRECT_OBJC_ISA_USAGE = YES_ERROR;
				CLANG_WARN_DOCUMENTATION_COMMENTS = YES;
				CLANG_WARN_EMPTY_BODY = YES;
				CLANG_WARN_ENUM_CONVERSION = YES;
				CLANG_WARN_INFINITE_RECURSION = YES;
				CLANG_WARN_INT_CONVERSION = YES;
				CLANG_WARN_NON_LITERAL_NULL_CONVERSION = YES;
				CLANG_WARN_OBJC_IMPLICIT_RETAIN_SELF = YES;
				CLANG_WARN_OBJC_LITERAL_CONVERSION = YES;
				CLANG_WARN_OBJC_ROOT_CLASS = YES_ERROR;
				CLANG_WARN_QUOTED_INCLUDE_IN_FRAMEWORK_HEADER = YES;
				CLANG_WARN_RANGE_LOOP_ANALYSIS = YES;
				CLANG_WARN_STRICT_PROTOTYPES = YES;
				CLANG_WARN_SUSPICIOUS_MOVE = YES;
				CLANG_WARN_UNGUARDED_AVAILABILITY = YES_AGGRESSIVE;
				CLANG_WARN_UNREACHABLE_CODE = YES;
				CLANG_WARN__DUPLICATE_METHOD_MATCH = YES;
				COPY_PHASE_STRIP = NO;
				DEBUG_INFORMATION_FORMAT = "dwarf-with-dsym";
				ENABLE_NS_ASSERTIONS = NO;
				ENABLE_STRICT_OBJC_MSGSEND = YES;
				GCC_C_LANGUAGE_STANDARD = gnu11;
				GCC_NO_COMMON_BLOCKS = YES;
				GCC_WARN_64_TO_32_BIT_CONVERSION = YES;
				GCC_WARN_ABOUT_RETURN_TYPE = YES_ERROR;
				GCC_WARN_UNDECLARED_SELECTOR = YES;
				GCC_WARN_UNINITIALIZED_AUTOS = YES_AGGRESSIVE;
				GCC_WARN_UNUSED_FUNCTION = YES;
				GCC_WARN_UNUSED_VARIABLE = YES;
				IPHONEOS_DEPLOYMENT_TARGET = 16.1;
				MTL_ENABLE_DEBUG_INFO = NO;
				MTL_FAST_MATH = YES;
				SDKROOT = iphoneos;
				SWIFT_COMPILATION_MODE = wholemodule;
				SWIFT_OPTIMIZATION_LEVEL = "-O";
				VALIDATE_PRODUCT = YES;
			};
			name = Release;
		};
		8FF0271429F050C200F3F878 /* Debug */ = {
			isa = XCBuildConfiguration;
			baseConfigurationReference = 691BB30DC62C39F62A2D4600 /* Pods-MobileUP test.debug.xcconfig */;
			buildSettings = {
				ASSETCATALOG_COMPILER_APPICON_NAME = AppIcon;
				ASSETCATALOG_COMPILER_GLOBAL_ACCENT_COLOR_NAME = AccentColor;
				CODE_SIGN_STYLE = Automatic;
				CURRENT_PROJECT_VERSION = 1;
				DEVELOPMENT_TEAM = 3Q2GL54W3S;
				ENABLE_APP_SANDBOX = NO;
				GENERATE_INFOPLIST_FILE = YES;
				INFOPLIST_FILE = "MobileUP test/Info.plist";
				INFOPLIST_KEY_UIApplicationSupportsIndirectInputEvents = YES;
				INFOPLIST_KEY_UILaunchStoryboardName = LaunchScreen;
				INFOPLIST_KEY_UISupportedInterfaceOrientations_iPad = "UIInterfaceOrientationPortrait UIInterfaceOrientationPortraitUpsideDown UIInterfaceOrientationLandscapeLeft UIInterfaceOrientationLandscapeRight";
				INFOPLIST_KEY_UISupportedInterfaceOrientations_iPhone = "UIInterfaceOrientationPortrait UIInterfaceOrientationLandscapeLeft UIInterfaceOrientationLandscapeRight";
				IPHONEOS_DEPLOYMENT_TARGET = 15.0;
				LD_RUNPATH_SEARCH_PATHS = (
					"$(inherited)",
					"@executable_path/Frameworks",
				);
				MARKETING_VERSION = 1.0;
				PRODUCT_BUNDLE_IDENTIFIER = "dev.MobileUP-test";
				PRODUCT_NAME = "$(TARGET_NAME)";
				SWIFT_EMIT_LOC_STRINGS = YES;
				SWIFT_VERSION = 5.0;
				TARGETED_DEVICE_FAMILY = "1,2";
			};
			name = Debug;
		};
		8FF0271529F050C200F3F878 /* Release */ = {
			isa = XCBuildConfiguration;
			baseConfigurationReference = 5120DC20976D91BDE51B6D28 /* Pods-MobileUP test.release.xcconfig */;
			buildSettings = {
				ASSETCATALOG_COMPILER_APPICON_NAME = AppIcon;
				ASSETCATALOG_COMPILER_GLOBAL_ACCENT_COLOR_NAME = AccentColor;
				CODE_SIGN_STYLE = Automatic;
				CURRENT_PROJECT_VERSION = 1;
				DEVELOPMENT_TEAM = 3Q2GL54W3S;
				ENABLE_APP_SANDBOX = NO;
				GENERATE_INFOPLIST_FILE = YES;
				INFOPLIST_FILE = "MobileUP test/Info.plist";
				INFOPLIST_KEY_UIApplicationSupportsIndirectInputEvents = YES;
				INFOPLIST_KEY_UILaunchStoryboardName = LaunchScreen;
				INFOPLIST_KEY_UISupportedInterfaceOrientations_iPad = "UIInterfaceOrientationPortrait UIInterfaceOrientationPortraitUpsideDown UIInterfaceOrientationLandscapeLeft UIInterfaceOrientationLandscapeRight";
				INFOPLIST_KEY_UISupportedInterfaceOrientations_iPhone = "UIInterfaceOrientationPortrait UIInterfaceOrientationLandscapeLeft UIInterfaceOrientationLandscapeRight";
				IPHONEOS_DEPLOYMENT_TARGET = 15.0;
				LD_RUNPATH_SEARCH_PATHS = (
					"$(inherited)",
					"@executable_path/Frameworks",
				);
				MARKETING_VERSION = 1.0;
				PRODUCT_BUNDLE_IDENTIFIER = "dev.MobileUP-test";
				PRODUCT_NAME = "$(TARGET_NAME)";
				SWIFT_EMIT_LOC_STRINGS = YES;
				SWIFT_VERSION = 5.0;
				TARGETED_DEVICE_FAMILY = "1,2";
			};
			name = Release;
		};
/* End XCBuildConfiguration section */

/* Begin XCConfigurationList section */
		8FF026FA29F050C100F3F878 /* Build configuration list for PBXProject "MobileUP test" */ = {
			isa = XCConfigurationList;
			buildConfigurations = (
				8FF0271129F050C200F3F878 /* Debug */,
				8FF0271229F050C200F3F878 /* Release */,
			);
			defaultConfigurationIsVisible = 0;
			defaultConfigurationName = Release;
		};
		8FF0271329F050C200F3F878 /* Build configuration list for PBXNativeTarget "MobileUP test" */ = {
			isa = XCConfigurationList;
			buildConfigurations = (
				8FF0271429F050C200F3F878 /* Debug */,
				8FF0271529F050C200F3F878 /* Release */,
			);
			defaultConfigurationIsVisible = 0;
			defaultConfigurationName = Release;
		};
/* End XCConfigurationList section */
	};
	rootObject = 8FF026F729F050C100F3F878 /* Project object */;
}
